// !$*UTF8*$!
{
	archiveVersion = 1;
	classes = {
	};
	objectVersion = 46;
	objects = {

/* Begin PBXBuildFile section */
		EB75A0E41E92EEAB00A44027 /* AppDelegate.swift in Sources */ = {isa = PBXBuildFile; fileRef = EB75A0E31E92EEAB00A44027 /* AppDelegate.swift */; };
		EB75A0E61E92EEAB00A44027 /* ViewController.swift in Sources */ = {isa = PBXBuildFile; fileRef = EB75A0E51E92EEAB00A44027 /* ViewController.swift */; };
		EB75A0E91E92EEAB00A44027 /* Main.storyboard in Resources */ = {isa = PBXBuildFile; fileRef = EB75A0E71E92EEAB00A44027 /* Main.storyboard */; };
		EB75A0EB1E92EEAB00A44027 /* Assets.xcassets in Resources */ = {isa = PBXBuildFile; fileRef = EB75A0EA1E92EEAB00A44027 /* Assets.xcassets */; };
		EB75A0EE1E92EEAB00A44027 /* LaunchScreen.storyboard in Resources */ = {isa = PBXBuildFile; fileRef = EB75A0EC1E92EEAB00A44027 /* LaunchScreen.storyboard */; };
		EB75A0F71E92EF2700A44027 /* FaceView.swift in Sources */ = {isa = PBXBuildFile; fileRef = EB75A0F61E92EF2700A44027 /* FaceView.swift */; };
/* End PBXBuildFile section */

/* Begin PBXFileReference section */
		EB75A0E01E92EEAB00A44027 /* Faceit.app */ = {isa = PBXFileReference; explicitFileType = wrapper.application; includeInIndex = 0; path = Faceit.app; sourceTree = BUILT_PRODUCTS_DIR; };
		EB75A0E31E92EEAB00A44027 /* AppDelegate.swift */ = {isa = PBXFileReference; lastKnownFileType = sourcecode.swift; path = AppDelegate.swift; sourceTree = "<group>"; };
		EB75A0E51E92EEAB00A44027 /* ViewController.swift */ = {isa = PBXFileReference; lastKnownFileType = sourcecode.swift; path = ViewController.swift; sourceTree = "<group>"; };
		EB75A0E81E92EEAB00A44027 /* Base */ = {isa = PBXFileReference; lastKnownFileType = file.storyboard; name = Base; path = Base.lproj/Main.storyboard; sourceTree = "<group>"; };
		EB75A0EA1E92EEAB00A44027 /* Assets.xcassets */ = {isa = PBXFileReference; lastKnownFileType = folder.assetcatalog; path = Assets.xcassets; sourceTree = "<group>"; };
		EB75A0ED1E92EEAB00A44027 /* Base */ = {isa = PBXFileReference; lastKnownFileType = file.storyboard; name = Base; path = Base.lproj/LaunchScreen.storyboard; sourceTree = "<group>"; };
		EB75A0EF1E92EEAB00A44027 /* Info.plist */ = {isa = PBXFileReference; lastKnownFileType = text.plist.xml; path = Info.plist; sourceTree = "<group>"; };
		EB75A0F61E92EF2700A44027 /* FaceView.swift */ = {isa = PBXFileReference; fileEncoding = 4; lastKnownFileType = sourcecode.swift; path = FaceView.swift; sourceTree = "<group>"; };
/* End PBXFileReference section */

/* Begin PBXFrameworksBuildPhase section */
		EB75A0DD1E92EEAB00A44027 /* Frameworks */ = {
			isa = PBXFrameworksBuildPhase;
			buildActionMask = 2147483647;
			files = (
			);
			runOnlyForDeploymentPostprocessing = 0;
		};
/* End PBXFrameworksBuildPhase section */

/* Begin PBXGroup section */
		EB75A0D71E92EEAA00A44027 = {
			isa = PBXGroup;
			children = (
				EB75A0E21E92EEAB00A44027 /* Faceit */,
				EB75A0E11E92EEAB00A44027 /* Products */,
			);
			sourceTree = "<group>";
		};
		EB75A0E11E92EEAB00A44027 /* Products */ = {
			isa = PBXGroup;
			children = (
				EB75A0E01E92EEAB00A44027 /* Faceit.app */,
			);
			name = Products;
			sourceTree = "<group>";
		};
		EB75A0E21E92EEAB00A44027 /* Faceit */ = {
			isa = PBXGroup;
			children = (
				EB75A0F51E92EEBE00A44027 /* Supporting Files */,
				EB75A0E51E92EEAB00A44027 /* ViewController.swift */,
				EB75A0E71E92EEAB00A44027 /* Main.storyboard */,
				EB75A0F61E92EF2700A44027 /* FaceView.swift */,
			);
			path = Faceit;
			sourceTree = "<group>";
		};
		EB75A0F51E92EEBE00A44027 /* Supporting Files */ = {
			isa = PBXGroup;
			children = (
				EB75A0E31E92EEAB00A44027 /* AppDelegate.swift */,
				EB75A0EA1E92EEAB00A44027 /* Assets.xcassets */,
				EB75A0EC1E92EEAB00A44027 /* LaunchScreen.storyboard */,
				EB75A0EF1E92EEAB00A44027 /* Info.plist */,
			);
			name = "Supporting Files";
			sourceTree = "<group>";
		};
/* End PBXGroup section */

/* Begin PBXNativeTarget section */
		EB75A0DF1E92EEAB00A44027 /* Faceit */ = {
			isa = PBXNativeTarget;
			buildConfigurationList = EB75A0F21E92EEAB00A44027 /* Build configuration list for PBXNativeTarget "Faceit" */;
			buildPhases = (
				EB75A0DC1E92EEAB00A44027 /* Sources */,
				EB75A0DD1E92EEAB00A44027 /* Frameworks */,
				EB75A0DE1E92EEAB00A44027 /* Resources */,
			);
			buildRules = (
			);
			dependencies = (
			);
			name = Faceit;
			productName = Faceit;
			productReference = EB75A0E01E92EEAB00A44027 /* Faceit.app */;
			productType = "com.apple.product-type.application";
		};
/* End PBXNativeTarget section */

/* Begin PBXProject section */
		EB75A0D81E92EEAA00A44027 /* Project object */ = {
			isa = PBXProject;
			attributes = {
				LastSwiftUpdateCheck = 0830;
				LastUpgradeCheck = 0830;
				ORGANIZATIONNAME = lduan;
				TargetAttributes = {
					EB75A0DF1E92EEAB00A44027 = {
						CreatedOnToolsVersion = 8.3;
						DevelopmentTeam = GLAPQ59262;
						ProvisioningStyle = Automatic;
					};
				};
			};
			buildConfigurationList = EB75A0DB1E92EEAA00A44027 /* Build configuration list for PBXProject "Faceit" */;
			compatibilityVersion = "Xcode 3.2";
			developmentRegion = English;
			hasScannedForEncodings = 0;
			knownRegions = (
				en,
				Base,
			);
			mainGroup = EB75A0D71E92EEAA00A44027;
			productRefGroup = EB75A0E11E92EEAB00A44027 /* Products */;
			projectDirPath = "";
			projectRoot = "";
			targets = (
				EB75A0DF1E92EEAB00A44027 /* Faceit */,
			);
		};
/* End PBXProject section */

/* Begin PBXResourcesBuildPhase section */
		EB75A0DE1E92EEAB00A44027 /* Resources */ = {
			isa = PBXResourcesBuildPhase;
			buildActionMask = 2147483647;
			files = (
				EB75A0EE1E92EEAB00A44027 /* LaunchScreen.storyboard in Resources */,
				EB75A0EB1E92EEAB00A44027 /* Assets.xcassets in Resources */,
				EB75A0E91E92EEAB00A44027 /* Main.storyboard in Resources */,
			);
			runOnlyForDeploymentPostprocessing = 0;
		};
/* End PBXResourcesBuildPhase section */

/* Begin PBXSourcesBuildPhase section */
		EB75A0DC1E92EEAB00A44027 /* Sources */ = {
			isa = PBXSourcesBuildPhase;
			buildActionMask = 2147483647;
			files = (
				EB75A0E61E92EEAB00A44027 /* ViewController.swift in Sources */,
				EB75A0E41E92EEAB00A44027 /* AppDelegate.swift in Sources */,
				EB75A0F71E92EF2700A44027 /* FaceView.swift in Sources */,
			);
			runOnlyForDeploymentPostprocessing = 0;
		};
/* End PBXSourcesBuildPhase section */

/* Begin PBXVariantGroup section */
		EB75A0E71E92EEAB00A44027 /* Main.storyboard */ = {
			isa = PBXVariantGroup;
			children = (
				EB75A0E81E92EEAB00A44027 /* Base */,
			);
			name = Main.storyboard;
			sourceTree = "<group>";
		};
		EB75A0EC1E92EEAB00A44027 /* LaunchScreen.storyboard */ = {
			isa = PBXVariantGroup;
			children = (
				EB75A0ED1E92EEAB00A44027 /* Base */,
			);
			name = LaunchScreen.storyboard;
			sourceTree = "<group>";
		};
/* End PBXVariantGroup section */

/* Begin XCBuildConfiguration section */
		EB75A0F01E92EEAB00A44027 /* Debug */ = {
			isa = XCBuildConfiguration;
			buildSettings = {
				ALWAYS_SEARCH_USER_PATHS = NO;
				CLANG_ANALYZER_NONNULL = YES;
				CLANG_ANALYZER_NUMBER_OBJECT_CONVERSION = YES_AGGRESSIVE;
				CLANG_CXX_LANGUAGE_STANDARD = "gnu++0x";
				CLANG_CXX_LIBRARY = "libc++";
				CLANG_ENABLE_MODULES = YES;
				CLANG_ENABLE_OBJC_ARC = YES;
				CLANG_WARN_BOOL_CONVERSION = YES;
				CLANG_WARN_CONSTANT_CONVERSION = YES;
				CLANG_WARN_DIRECT_OBJC_ISA_USAGE = YES_ERROR;
				CLANG_WARN_DOCUMENTATION_COMMENTS = YES;
				CLANG_WARN_EMPTY_BODY = YES;
				CLANG_WARN_ENUM_CONVERSION = YES;
				CLANG_WARN_INFINITE_RECURSION = YES;
				CLANG_WARN_INT_CONVERSION = YES;
				CLANG_WARN_OBJC_ROOT_CLASS = YES_ERROR;
				CLANG_WARN_SUSPICIOUS_MOVE = YES;
				CLANG_WARN_UNREACHABLE_CODE = YES;
				CLANG_WARN__DUPLICATE_METHOD_MATCH = YES;
				"CODE_SIGN_IDENTITY[sdk=iphoneos*]" = "iPhone Developer";
				COPY_PHASE_STRIP = NO;
				DEBUG_INFORMATION_FORMAT = dwarf;
				ENABLE_STRICT_OBJC_MSGSEND = YES;
				ENABLE_TESTABILITY = YES;
				GCC_C_LANGUAGE_STANDARD = gnu99;
				GCC_DYNAMIC_NO_PIC = NO;
				GCC_NO_COMMON_BLOCKS = YES;
				GCC_OPTIMIZATION_LEVEL = 0;
				GCC_PREPROCESSOR_DEFINITIONS = (
					"DEBUG=1",
					"$(inherited)",
				);
				GCC_WARN_64_TO_32_BIT_CONVERSION = YES;
				GCC_WARN_ABOUT_RETURN_TYPE = YES_ERROR;
				GCC_WARN_UNDECLARED_SELECTOR = YES;
				GCC_WARN_UNINITIALIZED_AUTOS = YES_AGGRESSIVE;
				GCC_WARN_UNUSED_FUNCTION = YES;
				GCC_WARN_UNUSED_VARIABLE = YES;
				IPHONEOS_DEPLOYMENT_TARGET = 10.3;
				MTL_ENABLE_DEBUG_INFO = YES;
				ONLY_ACTIVE_ARCH = YES;
				SDKROOT = iphoneos;
				SWIFT_ACTIVE_COMPILATION_CONDITIONS = DEBUG;
				SWIFT_OPTIMIZATION_LEVEL = "-Onone";
				TARGETED_DEVICE_FAMILY = "1,2";
			};
			name = Debug;
		};
		EB75A0F11E92EEAB00A44027 /* Release */ = {
			isa = XCBuildConfiguration;
			buildSettings = {
				ALWAYS_SEARCH_USER_PATHS = NO;
				CLANG_ANALYZER_NONNULL = YES;
				CLANG_ANALYZER_NUMBER_OBJECT_CONVERSION = YES_AGGRESSIVE;
				CLANG_CXX_LANGUAGE_STANDARD = "gnu++0x";
				CLANG_CXX_LIBRARY = "libc++";
				CLANG_ENABLE_MODULES = YES;
				CLANG_ENABLE_OBJC_ARC = YES;
				CLANG_WARN_BOOL_CONVERSION = YES;
				CLANG_WARN_CONSTANT_CONVERSION = YES;
				CLANG_WARN_DIRECT_OBJC_ISA_USAGE = YES_ERROR;
				CLANG_WARN_DOCUMENTATION_COMMENTS = YES;
				CLANG_WARN_EMPTY_BODY = YES;
				CLANG_WARN_ENUM_CONVERSION = YES;
				CLANG_WARN_INFINITE_RECURSION = YES;
				CLANG_WARN_INT_CONVERSION = YES;
				CLANG_WARN_OBJC_ROOT_CLASS = YES_ERROR;
				CLANG_WARN_SUSPICIOUS_MOVE = YES;
				CLANG_WARN_UNREACHABLE_CODE = YES;
				CLANG_WARN__DUPLICATE_METHOD_MATCH = YES;
				"CODE_SIGN_IDENTITY[sdk=iphoneos*]" = "iPhone Developer";
				COPY_PHASE_STRIP = NO;
				DEBUG_INFORMATION_FORMAT = "dwarf-with-dsym";
				ENABLE_NS_ASSERTIONS = NO;
				ENABLE_STRICT_OBJC_MSGSEND = YES;
				GCC_C_LANGUAGE_STANDARD = gnu99;
				GCC_NO_COMMON_BLOCKS = YES;
				GCC_WARN_64_TO_32_BIT_CONVERSION = YES;
				GCC_WARN_ABOUT_RETURN_TYPE = YES_ERROR;
				GCC_WARN_UNDECLARED_SELECTOR = YES;
				GCC_WARN_UNINITIALIZED_AUTOS = YES_AGGRESSIVE;
				GCC_WARN_UNUSED_FUNCTION = YES;
				GCC_WARN_UNUSED_VARIABLE = YES;
				IPHONEOS_DEPLOYMENT_TARGET = 10.3;
				MTL_ENABLE_DEBUG_INFO = NO;
				SDKROOT = iphoneos;
				SWIFT_OPTIMIZATION_LEVEL = "-Owholemodule";
				TARGETED_DEVICE_FAMILY = "1,2";
				VALIDATE_PRODUCT = YES;
			};
			name = Release;
		};
		EB75A0F31E92EEAB00A44027 /* Debug */ = {
			isa = XCBuildConfiguration;
			buildSettings = {
				ASSETCATALOG_COMPILER_APPICON_NAME = AppIcon;
				DEVELOPMENT_TEAM = GLAPQ59262;
				INFOPLIST_FILE = Faceit/Info.plist;
				LD_RUNPATH_SEARCH_PATHS = "$(inherited) @executable_path/Frameworks";
				PRODUCT_BUNDLE_IDENTIFIER = lejiaduan.Faceit;
				PRODUCT_NAME = "$(TARGET_NAME)";
				SWIFT_VERSION = 3.0;
			};
			name = Debug;
		};
		EB75A0F41E92EEAB00A44027 /* Release */ = {
			isa = XCBuildConfiguration;
			buildSettings = {
				ASSETCATALOG_COMPILER_APPICON_NAME = AppIcon;
				DEVELOPMENT_TEAM = GLAPQ59262;
				INFOPLIST_FILE = Faceit/Info.plist;
				LD_RUNPATH_SEARCH_PATHS = "$(inherited) @executable_path/Frameworks";
				PRODUCT_BUNDLE_IDENTIFIER = lejiaduan.Faceit;
				PRODUCT_NAME = "$(TARGET_NAME)";
				SWIFT_VERSION = 3.0;
			};
			name = Release;
		};
/* End XCBuildConfiguration section */

/* Begin XCConfigurationList section */
		EB75A0DB1E92EEAA00A44027 /* Build configuration list for PBXProject "Faceit" */ = {
			isa = XCConfigurationList;
			buildConfigurations = (
				EB75A0F01E92EEAB00A44027 /* Debug */,
				EB75A0F11E92EEAB00A44027 /* Release */,
			);
			defaultConfigurationIsVisible = 0;
			defaultConfigurationName = Release;
		};
		EB75A0F21E92EEAB00A44027 /* Build configuration list for PBXNativeTarget "Faceit" */ = {
			isa = XCConfigurationList;
			buildConfigurations = (
				EB75A0F31E92EEAB00A44027 /* Debug */,
				EB75A0F41E92EEAB00A44027 /* Release */,
			);
			defaultConfigurationIsVisible = 0;
		};
/* End XCConfigurationList section */
	};
	rootObject = EB75A0D81E92EEAA00A44027 /* Project object */;
}
